{
  "pins" : [
    {
      "identity" : "coreml-stable-diffusion-swift",
      "kind" : "remoteSourceControl",
      "location" : "https://github.com/The-Igor/coreml-stable-diffusion-swift.git",
      "state" : {
        "branch" : "main",
        "revision" : "6465630812acd10fbc4967243e1523f5c22b36de"
      }
    },
    {
      "identity" : "files",
      "kind" : "remoteSourceControl",
      "location" : "https://github.com/JohnSundell/Files.git",
      "state" : {
        "revision" : "d273b5b7025d386feef79ef6bad7de762e106eaf",
        "version" : "4.2.0"
      }
    },
    {
      "identity" : "ml-stable-diffusion",
      "kind" : "remoteSourceControl",
      "location" : "https://github.com/apple/ml-stable-diffusion.git",
      "state" : {
        "revision" : "2c4e9de73c9e723de264356f9563706ea9104212",
        "version" : "0.3.0"
      }
    },
    {
      "identity" : "swift-argument-parser",
      "kind" : "remoteSourceControl",
      "location" : "https://github.com/apple/swift-argument-parser.git",
      "state" : {
        "revision" : "fddd1c00396eed152c45a46bea9f47b98e59301d",
        "version" : "1.2.0"
      }
    }
  ],
  "version" : 2
}
