{
  "originHash" : "d4c1f7b3336969183131dacb0085bcb55b5a6bb7bcf174bb964f7c111f85850f",
  "pins" : [
    {
      "identity" : "coreml-stable-diffusion-swift",
      "kind" : "remoteSourceControl",
      "location" : "https://github.com/The-Igor/coreml-stable-diffusion-swift",
      "state" : {
        "branch" : "main",
        "revision" : "96d85e9843b97b711c24d55ae3efc2029bb0eea1"
      }
    },
    {
      "identity" : "files",
      "kind" : "remoteSourceControl",
      "location" : "https://github.com/JohnSundell/Files.git",
      "state" : {
        "revision" : "d273b5b7025d386feef79ef6bad7de762e106eaf",
        "version" : "4.2.0"
      }
    },
    {
      "identity" : "ml-stable-diffusion",
      "kind" : "remoteSourceControl",
      "location" : "https://github.com/apple/ml-stable-diffusion.git",
      "state" : {
        "revision" : "5a170d29cf38e674b80541d7ce22929c6a11cdde",
        "version" : "1.1.1"
      }
    },
    {
      "identity" : "swift-argument-parser",
      "kind" : "remoteSourceControl",
      "location" : "https://github.com/apple/swift-argument-parser.git",
      "state" : {
        "revision" : "41982a3656a71c768319979febd796c6fd111d5c",
        "version" : "1.5.0"
      }
    }
  ],
  "version" : 3
}
