{
  "originHash" : "700df8201d34fa0debac8aeef3b8b004d65eec7b9fc69cce1021684b95f8dfea",
  "pins" : [
    {
      "identity" : "coreml-stable-diffusion-swift",
      "kind" : "remoteSourceControl",
      "location" : "https://github.com/igor11191708/coreml-stable-diffusion-swift",
      "state" : {
        "branch" : "main",
        "revision" : "602143c71202f99c152f4e740227ae0e2e34126f"
      }
    },
    {
      "identity" : "files",
      "kind" : "remoteSourceControl",
      "location" : "https://github.com/JohnSundell/Files.git",
      "state" : {
        "revision" : "d273b5b7025d386feef79ef6bad7de762e106eaf",
        "version" : "4.2.0"
      }
    },
    {
      "identity" : "ml-stable-diffusion",
      "kind" : "remoteSourceControl",
      "location" : "https://github.com/apple/ml-stable-diffusion.git",
      "state" : {
        "revision" : "5a170d29cf38e674b80541d7ce22929c6a11cdde",
        "version" : "1.1.1"
      }
    },
    {
      "identity" : "swift-argument-parser",
      "kind" : "remoteSourceControl",
      "location" : "https://github.com/apple/swift-argument-parser.git",
      "state" : {
        "revision" : "41982a3656a71c768319979febd796c6fd111d5c",
        "version" : "1.5.0"
      }
    }
  ],
  "version" : 3
}
